
Microsoft Visual Studio Solution File, Format Version 12.00
# Visual Studio 2012
Project("{FAE04EC0-301F-11D3-BF4B-00C04F79EFBC}") = "Example", "Example\Example.csproj", "{33E5F90D-9AF8-4B35-BDEB-9446B823C8B4}"
EndProject
Project("{FAE04EC0-301F-11D3-BF4B-00C04F79EFBC}") = "Example.Tests", "Example.Tests\Example.Tests.csproj", "{FB2B1AFC-D00B-48C4-96E5-D0256F182D51}"
EndProject
Global
	GlobalSection(SolutionConfigurationPlatforms) = preSolution
		Debug|Any CPU = Debug|Any CPU
		Release|Any CPU = Release|Any CPU
	EndGlobalSection
	GlobalSection(ProjectConfigurationPlatforms) = postSolution
		{33E5F90D-9AF8-4B35-BDEB-9446B823C8B4}.Debug|Any CPU.ActiveCfg = Debug|Any CPU
		{33E5F90D-9AF8-4B35-BDEB-9446B823C8B4}.Debug|Any CPU.Build.0 = Debug|Any CPU
		{33E5F90D-9AF8-4B35-BDEB-9446B823C8B4}.Release|Any CPU.ActiveCfg = Release|Any CPU
		{33E5F90D-9AF8-4B35-BDEB-9446B823C8B4}.Release|Any CPU.Build.0 = Release|Any CPU
		{FB2B1AFC-D00B-48C4-96E5-D0256F182D51}.Debug|Any CPU.ActiveCfg = Debug|Any CPU
		{FB2B1AFC-D00B-48C4-96E5-D0256F182D51}.Debug|Any CPU.Build.0 = Debug|Any CPU
		{FB2B1AFC-D00B-48C4-96E5-D0256F182D51}.Release|Any CPU.ActiveCfg = Release|Any CPU
		{FB2B1AFC-D00B-48C4-96E5-D0256F182D51}.Release|Any CPU.Build.0 = Release|Any CPU
	EndGlobalSection
	GlobalSection(SolutionProperties) = preSolution
		HideSolutionNode = FALSE
	EndGlobalSection
EndGlobal
